
Microsoft Visual Studio Solution File, Format Version 12.00
# Visual Studio Version 16
VisualStudioVersion = 16.0.32802.440
MinimumVisualStudioVersion = 10.0.40219.1
Project("{FAE04EC0-301F-11D3-BF4B-00C04F79EFBC}") = "azure7", "azure7\azure7.csproj", "{F4369DF2-E980-449B-9C3A-E3C52EFBB912}"
EndProject
Global
	GlobalSection(SolutionConfigurationPlatforms) = preSolution
		Debug|Any CPU = Debug|Any CPU
		Release|Any CPU = Release|Any CPU
	EndGlobalSection
	GlobalSection(ProjectConfigurationPlatforms) = postSolution
		{F4369DF2-E980-449B-9C3A-E3C52EFBB912}.Debug|Any CPU.ActiveCfg = Debug|Any CPU
		{F4369DF2-E980-449B-9C3A-E3C52EFBB912}.Debug|Any CPU.Build.0 = Debug|Any CPU
		{F4369DF2-E980-449B-9C3A-E3C52EFBB912}.Release|Any CPU.ActiveCfg = Release|Any CPU
		{F4369DF2-E980-449B-9C3A-E3C52EFBB912}.Release|Any CPU.Build.0 = Release|Any CPU
	EndGlobalSection
	GlobalSection(SolutionProperties) = preSolution
		HideSolutionNode = FALSE
	EndGlobalSection
	GlobalSection(ExtensibilityGlobals) = postSolution
		SolutionGuid = {8108DE5C-8949-4AB8-9C89-071145766C7B}
	EndGlobalSection
EndGlobal
